version = 1
revision = 3
requires-python = ">=3.8"

[[package]]
name = "auto-av1-converter"
version = "2.0.0"
source = { editable = "." }

[package.dev-dependencies]
dev = [
    { name = "ruff" },
    { name = "ty" },
]

[package.metadata]

[package.metadata.requires-dev]
dev = [
    { name = "ruff" },
    { name = "ty" },
]

[[package]]
name = "ruff"
version = "0.14.9"
source = { registry = "https://pypi.org/simple" }
sdist = { url = "https://files.pythonhosted.org/packages/f6/1b/ab712a9d5044435be8e9a2beb17cbfa4c241aa9b5e4413febac2a8b79ef2/ruff-0.14.9.tar.gz", hash = "sha256:35f85b25dd586381c0cc053f48826109384c81c00ad7ef1bd977bfcc28119d5b", size = 5809165, upload-time = "2025-12-11T21:39:47.381Z" }
wheels = [
    { url = "https://files.pythonhosted.org/packages/b8/1c/d1b1bba22cffec02351c78ab9ed4f7d7391876e12720298448b29b7229c1/ruff-0.14.9-py3-none-linux_armv6l.whl", hash = "sha256:f1ec5de1ce150ca6e43691f4a9ef5c04574ad9ca35c8b3b0e18877314aba7e75", size = 13576541, upload-time = "2025-12-11T21:39:14.806Z" },
    { url = "https://files.pythonhosted.org/packages/94/ab/ffe580e6ea1fca67f6337b0af59fc7e683344a43642d2d55d251ff83ceae/ruff-0.14.9-py3-none-macosx_10_12_x86_64.whl", hash = "sha256:ed9d7417a299fc6030b4f26333bf1117ed82a61ea91238558c0268c14e00d0c2", size = 13779363, upload-time = "2025-12-11T21:39:20.29Z" },
    { url = "https://files.pythonhosted.org/packages/7d/f8/2be49047f929d6965401855461e697ab185e1a6a683d914c5c19c7962d9e/ruff-0.14.9-py3-none-macosx_11_0_arm64.whl", hash = "sha256:d5dc3473c3f0e4a1008d0ef1d75cee24a48e254c8bed3a7afdd2b4392657ed2c", size = 12925292, upload-time = "2025-12-11T21:39:38.757Z" },
    { url = "https://files.pythonhosted.org/packages/9e/e9/08840ff5127916bb989c86f18924fd568938b06f58b60e206176f327c0fe/ruff-0.14.9-py3-none-manylinux_2_17_aarch64.manylinux2014_aarch64.whl", hash = "sha256:84bf7c698fc8f3cb8278830fb6b5a47f9bcc1ed8cb4f689b9dd02698fa840697", size = 13362894, upload-time = "2025-12-11T21:39:02.524Z" },
    { url = "https://files.pythonhosted.org/packages/31/1c/5b4e8e7750613ef43390bb58658eaf1d862c0cc3352d139cd718a2cea164/ruff-0.14.9-py3-none-manylinux_2_17_armv7l.manylinux2014_armv7l.whl", hash = "sha256:aa733093d1f9d88a5d98988d8834ef5d6f9828d03743bf5e338bf980a19fce27", size = 13311482, upload-time = "2025-12-11T21:39:17.51Z" },
    { url = "https://files.pythonhosted.org/packages/5b/3a/459dce7a8cb35ba1ea3e9c88f19077667a7977234f3b5ab197fad240b404/ruff-0.14.9-py3-none-manylinux_2_17_i686.manylinux2014_i686.whl", hash = "sha256:6a1cfb04eda979b20c8c19550c8b5f498df64ff8da151283311ce3199e8b3648", size = 14016100, upload-time = "2025-12-11T21:39:41.948Z" },
    { url = "https://files.pythonhosted.org/packages/a6/31/f064f4ec32524f9956a0890fc6a944e5cf06c63c554e39957d208c0ffc45/ruff-0.14.9-py3-none-manylinux_2_17_ppc64.manylinux2014_ppc64.whl", hash = "sha256:1e5cb521e5ccf0008bd74d5595a4580313844a42b9103b7388eca5a12c970743", size = 15477729, upload-time = "2025-12-11T21:39:23.279Z" },
    { url = "https://files.pythonhosted.org/packages/7a/6d/f364252aad36ccd443494bc5f02e41bf677f964b58902a17c0b16c53d890/ruff-0.14.9-py3-none-manylinux_2_17_ppc64le.manylinux2014_ppc64le.whl", hash = "sha256:cd429a8926be6bba4befa8cdcf3f4dd2591c413ea5066b1e99155ed245ae42bb", size = 15122386, upload-time = "2025-12-11T21:39:33.125Z" },
    { url = "https://files.pythonhosted.org/packages/20/02/e848787912d16209aba2799a4d5a1775660b6a3d0ab3944a4ccc13e64a02/ruff-0.14.9-py3-none-manylinux_2_17_s390x.manylinux2014_s390x.whl", hash = "sha256:ab208c1b7a492e37caeaf290b1378148f75e13c2225af5d44628b95fd7834273", size = 14497124, upload-time = "2025-12-11T21:38:59.33Z" },
    { url = "https://files.pythonhosted.org/packages/f3/51/0489a6a5595b7760b5dbac0dd82852b510326e7d88d51dbffcd2e07e3ff3/ruff-0.14.9-py3-none-manylinux_2_17_x86_64.manylinux2014_x86_64.whl", hash = "sha256:72034534e5b11e8a593f517b2f2f2b273eb68a30978c6a2d40473ad0aaa4cb4a", size = 14195343, upload-time = "2025-12-11T21:39:44.866Z" },
    { url = "https://files.pythonhosted.org/packages/f6/53/3bb8d2fa73e4c2f80acc65213ee0830fa0c49c6479313f7a68a00f39e208/ruff-0.14.9-py3-none-manylinux_2_31_riscv64.whl", hash = "sha256:712ff04f44663f1b90a1195f51525836e3413c8a773574a7b7775554269c30ed", size = 14346425, upload-time = "2025-12-11T21:39:05.927Z" },
    { url = "https://files.pythonhosted.org/packages/ad/04/bdb1d0ab876372da3e983896481760867fc84f969c5c09d428e8f01b557f/ruff-0.14.9-py3-none-musllinux_1_2_aarch64.whl", hash = "sha256:a111fee1db6f1d5d5810245295527cda1d367c5aa8f42e0fca9a78ede9b4498b", size = 13258768, upload-time = "2025-12-11T21:39:08.691Z" },
    { url = "https://files.pythonhosted.org/packages/40/d9/8bf8e1e41a311afd2abc8ad12be1b6c6c8b925506d9069b67bb5e9a04af3/ruff-0.14.9-py3-none-musllinux_1_2_armv7l.whl", hash = "sha256:8769efc71558fecc25eb295ddec7d1030d41a51e9dcf127cbd63ec517f22d567", size = 13326939, upload-time = "2025-12-11T21:39:53.842Z" },
    { url = "https://files.pythonhosted.org/packages/f4/56/a213fa9edb6dd849f1cfbc236206ead10913693c72a67fb7ddc1833bf95d/ruff-0.14.9-py3-none-musllinux_1_2_i686.whl", hash = "sha256:347e3bf16197e8a2de17940cd75fd6491e25c0aa7edf7d61aa03f146a1aa885a", size = 13578888, upload-time = "2025-12-11T21:39:35.988Z" },
    { url = "https://files.pythonhosted.org/packages/33/09/6a4a67ffa4abae6bf44c972a4521337ffce9cbc7808faadede754ef7a79c/ruff-0.14.9-py3-none-musllinux_1_2_x86_64.whl", hash = "sha256:7715d14e5bccf5b660f54516558aa94781d3eb0838f8e706fb60e3ff6eff03a8", size = 14314473, upload-time = "2025-12-11T21:39:50.78Z" },
    { url = "https://files.pythonhosted.org/packages/12/0d/15cc82da5d83f27a3c6b04f3a232d61bc8c50d38a6cd8da79228e5f8b8d6/ruff-0.14.9-py3-none-win32.whl", hash = "sha256:df0937f30aaabe83da172adaf8937003ff28172f59ca9f17883b4213783df197", size = 13202651, upload-time = "2025-12-11T21:39:26.628Z" },
    { url = "https://files.pythonhosted.org/packages/32/f7/c78b060388eefe0304d9d42e68fab8cffd049128ec466456cef9b8d4f06f/ruff-0.14.9-py3-none-win_amd64.whl", hash = "sha256:c0b53a10e61df15a42ed711ec0bda0c582039cf6c754c49c020084c55b5b0bc2", size = 14702079, upload-time = "2025-12-11T21:39:11.954Z" },
    { url = "https://files.pythonhosted.org/packages/26/09/7a9520315decd2334afa65ed258fed438f070e31f05a2e43dd480a5e5911/ruff-0.14.9-py3-none-win_arm64.whl", hash = "sha256:8e821c366517a074046d92f0e9213ed1c13dbc5b37a7fc20b07f79b64d62cc84", size = 13744730, upload-time = "2025-12-11T21:39:29.659Z" },
]

[[package]]
name = "ty"
version = "0.0.3"
source = { registry = "https://pypi.org/simple" }
sdist = { url = "https://files.pythonhosted.org/packages/bb/cd/aee86c0da3240960d6b7e807f3a41c89bae741495d81ca303200b0103dc9/ty-0.0.3.tar.gz", hash = "sha256:831259e22d3855436701472d4c0da200cd45041bc677eae79415d684f541de8a", size = 4769098, upload-time = "2025-12-18T02:16:49.773Z" }
wheels = [
    { url = "https://files.pythonhosted.org/packages/0c/ef/2d0d18e8fe6b673d3e1ea642f18404d7edfa9d08310f7203e8f0e7dc862e/ty-0.0.3-py3-none-linux_armv6l.whl", hash = "sha256:cd035bb75acecb78ac1ba8c4cc696f57a586e29d36e84bd691bc3b5b8362794c", size = 9763890, upload-time = "2025-12-18T02:16:56.879Z" },
    { url = "https://files.pythonhosted.org/packages/bb/67/0ae31574619a7264df8cf8e641f246992db22ac1720c2a72953aa31cbe61/ty-0.0.3-py3-none-macosx_10_12_x86_64.whl", hash = "sha256:7708eaf73485e263efc7ef339f8e4487d3f5885779edbeec504fd72e4521c376", size = 9558276, upload-time = "2025-12-18T02:16:45.453Z" },
    { url = "https://files.pythonhosted.org/packages/d7/f7/3b9c033e80910972fca3783e4a52ba9cb7cd5c8b6828a87986646d64082b/ty-0.0.3-py3-none-macosx_11_0_arm64.whl", hash = "sha256:3113a633f46ec789f6df675b7afc5d3ab20c247c92ae4dbb9aa5b704768c18b2", size = 9094451, upload-time = "2025-12-18T02:17:01.155Z" },
    { url = "https://files.pythonhosted.org/packages/9a/29/9a90ed6bef00142a088965100b5e0a5d11805b9729c151ca598331bbd92b/ty-0.0.3-py3-none-manylinux_2_17_aarch64.manylinux2014_aarch64.whl", hash = "sha256:a451f3f73a04bf18e551b1ebebb79b20fac5f09740a353f7e07b5f607b217c4f", size = 9568049, upload-time = "2025-12-18T02:16:28.643Z" },
    { url = "https://files.pythonhosted.org/packages/2f/ab/8daeb12912c2de8a3154db652931f4ad0d27c555faebcaf34af08bcfd0d2/ty-0.0.3-py3-none-manylinux_2_17_armv7l.manylinux2014_armv7l.whl", hash = "sha256:9f6e926b6de0becf0452e1afad75cb71f889a4777cd14269e5447d46c01b2770", size = 9547711, upload-time = "2025-12-18T02:16:54.464Z" },
    { url = "https://files.pythonhosted.org/packages/91/54/f5c1f293f647beda717fee2448cc927ac0d05f66bebe18647680a67e1d67/ty-0.0.3-py3-none-manylinux_2_17_i686.manylinux2014_i686.whl", hash = "sha256:160e7974150f9f359c31d5808214676d1baa05321ab5a7b29fb09f4906dbdb38", size = 9983225, upload-time = "2025-12-18T02:17:05.672Z" },
    { url = "https://files.pythonhosted.org/packages/95/34/065962cfa2e87c10db839512229940a366b8ca1caffa2254a277b1694e5a/ty-0.0.3-py3-none-manylinux_2_17_ppc64.manylinux2014_ppc64.whl", hash = "sha256:726576df31d4e76934ffc64f2939d4a9bc195c7427452c8c159261ad00bd1b5e", size = 10851148, upload-time = "2025-12-18T02:16:38.354Z" },
    { url = "https://files.pythonhosted.org/packages/54/27/e2a8cbfc33999eef882ccd1b816ed615293f96e96f6df60cd12f84b69ca2/ty-0.0.3-py3-none-manylinux_2_17_ppc64le.manylinux2014_ppc64le.whl", hash = "sha256:5014cf4744c94d9ea7b43314199ddaf52564a80b3d006e4ba0fe982bc42f4e8b", size = 10564441, upload-time = "2025-12-18T02:17:03.584Z" },
    { url = "https://files.pythonhosted.org/packages/91/6d/dcce3e222e59477c1f2b3a012cc76428d7032248138cd5544ad7f1cda7bd/ty-0.0.3-py3-none-manylinux_2_17_s390x.manylinux2014_s390x.whl", hash = "sha256:2a9a51dc040f2718725f34ae6ef51fe8f8bd689e21bd3e82f4e71767034928de", size = 10358651, upload-time = "2025-12-18T02:16:26.091Z" },
    { url = "https://files.pythonhosted.org/packages/53/36/b6d0154b83a5997d607bf1238200271c17223f68aab2c778ded5424f9c1e/ty-0.0.3-py3-none-manylinux_2_17_x86_64.manylinux2014_x86_64.whl", hash = "sha256:e0e6188eddd3a228c449261bb398e8621d33b92c1fc03599afdfad4388327a48", size = 10120457, upload-time = "2025-12-18T02:16:51.864Z" },
    { url = "https://files.pythonhosted.org/packages/cc/46/05dc826674ee1a451406e4c253c71700a6f707bae88b706a4c9e9bba6919/ty-0.0.3-py3-none-musllinux_1_2_aarch64.whl", hash = "sha256:5cc55e08d5d18edf1c5051af02456bd359716f07aae0a305e4cefe7735188540", size = 9551642, upload-time = "2025-12-18T02:16:33.518Z" },
    { url = "https://files.pythonhosted.org/packages/64/8a/f90b60d103fd5ec04ecbac091a64e607e6cd37cec6e718bba17cb2022644/ty-0.0.3-py3-none-musllinux_1_2_armv7l.whl", hash = "sha256:34b2d589412a81d1fd6d7fe461353068496c2bf1f7113742bd6d88d1d57ec3ad", size = 9572234, upload-time = "2025-12-18T02:16:31.013Z" },
    { url = "https://files.pythonhosted.org/packages/e8/72/5d3c6d34562d019ba7f3102b2a6d0c8e9e24ef39e70f09645c36a66765b7/ty-0.0.3-py3-none-musllinux_1_2_i686.whl", hash = "sha256:8a065eb2959f141fe4adafc14d57463cfa34f6cc4844a4ed56b2dce1a53a419a", size = 9701682, upload-time = "2025-12-18T02:16:41.379Z" },
    { url = "https://files.pythonhosted.org/packages/ef/44/bda434f788b320c9550a48c549e4a8c507e3d8a6ccb04ba5bd098307ba1e/ty-0.0.3-py3-none-musllinux_1_2_x86_64.whl", hash = "sha256:e7177421f830a493f98d22f86d940b5a38788866e6062f680881f19be35ba3bb", size = 10213714, upload-time = "2025-12-18T02:16:35.648Z" },
    { url = "https://files.pythonhosted.org/packages/53/a6/b76a787938026c3d209131e5773de32cf6fc41210e0dd97874aafa20f394/ty-0.0.3-py3-none-win32.whl", hash = "sha256:e3e590bf5f33cb118a53c6d5242eedf7924d45517a5ee676c7a16be3a1389d2f", size = 9160441, upload-time = "2025-12-18T02:16:43.404Z" },
    { url = "https://files.pythonhosted.org/packages/fe/db/da60eb8252768323aee0ce69a08b95011088c003f80204b12380fe562fd2/ty-0.0.3-py3-none-win_amd64.whl", hash = "sha256:5af25b1fed8a536ce8072a9ae6a70cd2b559aa5294d43f57071fbdcd31dd2b0e", size = 10034265, upload-time = "2025-12-18T02:16:47.602Z" },
    { url = "https://files.pythonhosted.org/packages/5f/9c/9045cebdfc394c6f8c1e73a99d3aeda1bc639aace392e8ff4d695f1fab73/ty-0.0.3-py3-none-win_arm64.whl", hash = "sha256:29078b3100351a8b37339771615f13b8e4a4ff52b344d33f774f8d1a665a0ca5", size = 9513095, upload-time = "2025-12-18T02:16:59.073Z" },
]
